
Microsoft Visual Studio Solution File, Format Version 12.00
# Visual Studio Version 16
VisualStudioVersion = 16.0.31129.286
MinimumVisualStudioVersion = 10.0.40219.1
Project("{FAE04EC0-301F-11D3-BF4B-00C04F79EFBC}") = "Sökö laskuri", "Sökö laskuri\Sökö laskuri.csproj", "{ACE51508-B5CE-47F2-B87D-1CF622844A0F}"
EndProject
Project("{2150E333-8FDC-42A3-9474-1A3956D46DE8}") = "Solution Items", "Solution Items", "{D77761FD-D9A1-46F4-95D0-825AB8D96CE5}"
	ProjectSection(SolutionItems) = preProject
		Kortti.cs = Kortti.cs
	EndProjectSection
EndProject
Global
	GlobalSection(SolutionConfigurationPlatforms) = preSolution
		Debug|Any CPU = Debug|Any CPU
		Release|Any CPU = Release|Any CPU
	EndGlobalSection
	GlobalSection(ProjectConfigurationPlatforms) = postSolution
		{ACE51508-B5CE-47F2-B87D-1CF622844A0F}.Debug|Any CPU.ActiveCfg = Debug|Any CPU
		{ACE51508-B5CE-47F2-B87D-1CF622844A0F}.Debug|Any CPU.Build.0 = Debug|Any CPU
		{ACE51508-B5CE-47F2-B87D-1CF622844A0F}.Release|Any CPU.ActiveCfg = Release|Any CPU
		{ACE51508-B5CE-47F2-B87D-1CF622844A0F}.Release|Any CPU.Build.0 = Release|Any CPU
	EndGlobalSection
	GlobalSection(SolutionProperties) = preSolution
		HideSolutionNode = FALSE
	EndGlobalSection
	GlobalSection(ExtensibilityGlobals) = postSolution
		SolutionGuid = {71B9CC8B-7939-4F83-BDC1-2C74D170407E}
	EndGlobalSection
EndGlobal
